
Microsoft Visual Studio Solution File, Format Version 12.00
# Visual Studio 15
VisualStudioVersion = 15.0.28307.572
MinimumVisualStudioVersion = 10.0.40219.1
Project("{8BC9CEB8-8B4A-11D0-8D11-00A0C91BC942}") = "CS3743p1", "CS3743p1\CS3743p1.vcxproj", "{F9902855-CB47-4EE5-85CD-200C7520CF33}"
EndProject
Global
	GlobalSection(SolutionConfigurationPlatforms) = preSolution
		Debug|x64 = Debug|x64
		Debug|x86 = Debug|x86
		Release|x64 = Release|x64
		Release|x86 = Release|x86
	EndGlobalSection
	GlobalSection(ProjectConfigurationPlatforms) = postSolution
		{F9902855-CB47-4EE5-85CD-200C7520CF33}.Debug|x64.ActiveCfg = Debug|x64
		{F9902855-CB47-4EE5-85CD-200C7520CF33}.Debug|x64.Build.0 = Debug|x64
		{F9902855-CB47-4EE5-85CD-200C7520CF33}.Debug|x86.ActiveCfg = Debug|Win32
		{F9902855-CB47-4EE5-85CD-200C7520CF33}.Debug|x86.Build.0 = Debug|Win32
		{F9902855-CB47-4EE5-85CD-200C7520CF33}.Release|x64.ActiveCfg = Release|x64
		{F9902855-CB47-4EE5-85CD-200C7520CF33}.Release|x64.Build.0 = Release|x64
		{F9902855-CB47-4EE5-85CD-200C7520CF33}.Release|x86.ActiveCfg = Release|Win32
		{F9902855-CB47-4EE5-85CD-200C7520CF33}.Release|x86.Build.0 = Release|Win32
	EndGlobalSection
	GlobalSection(SolutionProperties) = preSolution
		HideSolutionNode = FALSE
	EndGlobalSection
	GlobalSection(ExtensibilityGlobals) = postSolution
		SolutionGuid = {D14778C6-A92F-498A-9A90-77EA286F8EB5}
	EndGlobalSection
EndGlobal
